
Microsoft Visual Studio Solution File, Format Version 12.00
# Visual Studio Version 16
VisualStudioVersion = 16.0.31129.286
MinimumVisualStudioVersion = 10.0.40219.1
Project("{FAE04EC0-301F-11D3-BF4B-00C04F79EFBC}") = "Dashboard", "Dashboard\Dashboard.csproj", "{1A96B621-4F70-4D10-B7EB-C396440C678C}"
EndProject
Global
	GlobalSection(SolutionConfigurationPlatforms) = preSolution
		Debug|Any CPU = Debug|Any CPU
		Release|Any CPU = Release|Any CPU
	EndGlobalSection
	GlobalSection(ProjectConfigurationPlatforms) = postSolution
		{1A96B621-4F70-4D10-B7EB-C396440C678C}.Debug|Any CPU.ActiveCfg = Debug|Any CPU
		{1A96B621-4F70-4D10-B7EB-C396440C678C}.Debug|Any CPU.Build.0 = Debug|Any CPU
		{1A96B621-4F70-4D10-B7EB-C396440C678C}.Release|Any CPU.ActiveCfg = Release|Any CPU
		{1A96B621-4F70-4D10-B7EB-C396440C678C}.Release|Any CPU.Build.0 = Release|Any CPU
	EndGlobalSection
	GlobalSection(SolutionProperties) = preSolution
		HideSolutionNode = FALSE
	EndGlobalSection
	GlobalSection(ExtensibilityGlobals) = postSolution
		SolutionGuid = {AC424D67-50E7-4E3F-A9A8-3293BE8AEA0A}
	EndGlobalSection
EndGlobal
